// !$*UTF8*$!
{
	archiveVersion = 1;
	classes = {
	};
	objectVersion = 46;
	objects = {

/* Begin PBXBuildFile section */
		7AC705A11E9B956E00A82CDA /* main.swift in Sources */ = {isa = PBXBuildFile; fileRef = 7AC705A01E9B956E00A82CDA /* main.swift */; };
		7AC705A81E9B959800A82CDA /* BackupServer.swift in Sources */ = {isa = PBXBuildFile; fileRef = 7AC705A71E9B959800A82CDA /* BackupServer.swift */; };
		7AC705AA1E9B97FC00A82CDA /* Logger.swift in Sources */ = {isa = PBXBuildFile; fileRef = 7AC705A91E9B97FC00A82CDA /* Logger.swift */; };
/* End PBXBuildFile section */

/* Begin PBXCopyFilesBuildPhase section */
		7AC7059B1E9B956E00A82CDA /* CopyFiles */ = {
			isa = PBXCopyFilesBuildPhase;
			buildActionMask = 2147483647;
			dstPath = /usr/share/man/man1/;
			dstSubfolderSpec = 0;
			files = (
			);
			runOnlyForDeploymentPostprocessing = 1;
		};
/* End PBXCopyFilesBuildPhase section */

/* Begin PBXFileReference section */
		7AC7059D1E9B956E00A82CDA /* SingletonSimple */ = {isa = PBXFileReference; explicitFileType = "compiled.mach-o.executable"; includeInIndex = 0; path = SingletonSimple; sourceTree = BUILT_PRODUCTS_DIR; };
		7AC705A01E9B956E00A82CDA /* main.swift */ = {isa = PBXFileReference; lastKnownFileType = sourcecode.swift; path = main.swift; sourceTree = "<group>"; };
		7AC705A71E9B959800A82CDA /* BackupServer.swift */ = {isa = PBXFileReference; fileEncoding = 4; lastKnownFileType = sourcecode.swift; path = BackupServer.swift; sourceTree = "<group>"; };
		7AC705A91E9B97FC00A82CDA /* Logger.swift */ = {isa = PBXFileReference; fileEncoding = 4; lastKnownFileType = sourcecode.swift; path = Logger.swift; sourceTree = "<group>"; };
/* End PBXFileReference section */

/* Begin PBXFrameworksBuildPhase section */
		7AC7059A1E9B956E00A82CDA /* Frameworks */ = {
			isa = PBXFrameworksBuildPhase;
			buildActionMask = 2147483647;
			files = (
			);
			runOnlyForDeploymentPostprocessing = 0;
		};
/* End PBXFrameworksBuildPhase section */

/* Begin PBXGroup section */
		7AC705941E9B956E00A82CDA = {
			isa = PBXGroup;
			children = (
				7AC7059F1E9B956E00A82CDA /* SingletonSimple */,
				7AC7059E1E9B956E00A82CDA /* Products */,
			);
			sourceTree = "<group>";
		};
		7AC7059E1E9B956E00A82CDA /* Products */ = {
			isa = PBXGroup;
			children = (
				7AC7059D1E9B956E00A82CDA /* SingletonSimple */,
			);
			name = Products;
			sourceTree = "<group>";
		};
		7AC7059F1E9B956E00A82CDA /* SingletonSimple */ = {
			isa = PBXGroup;
			children = (
				7AC705A01E9B956E00A82CDA /* main.swift */,
				7AC705A71E9B959800A82CDA /* BackupServer.swift */,
				7AC705A91E9B97FC00A82CDA /* Logger.swift */,
			);
			path = SingletonSimple;
			sourceTree = "<group>";
		};
/* End PBXGroup section */

/* Begin PBXNativeTarget section */
		7AC7059C1E9B956E00A82CDA /* SingletonSimple */ = {
			isa = PBXNativeTarget;
			buildConfigurationList = 7AC705A41E9B956E00A82CDA /* Build configuration list for PBXNativeTarget "SingletonSimple" */;
			buildPhases = (
				7AC705991E9B956E00A82CDA /* Sources */,
				7AC7059A1E9B956E00A82CDA /* Frameworks */,
				7AC7059B1E9B956E00A82CDA /* CopyFiles */,
			);
			buildRules = (
			);
			dependencies = (
			);
			name = SingletonSimple;
			productName = SingletonSimple;
			productReference = 7AC7059D1E9B956E00A82CDA /* SingletonSimple */;
			productType = "com.apple.product-type.tool";
		};
/* End PBXNativeTarget section */

/* Begin PBXProject section */
		7AC705951E9B956E00A82CDA /* Project object */ = {
			isa = PBXProject;
			attributes = {
				LastSwiftUpdateCheck = 0830;
				LastUpgradeCheck = 0830;
				ORGANIZATIONNAME = "Yang Shaoli";
				TargetAttributes = {
					7AC7059C1E9B956E00A82CDA = {
						CreatedOnToolsVersion = 8.3.1;
						DevelopmentTeam = B2478855L6;
						ProvisioningStyle = Automatic;
					};
				};
			};
			buildConfigurationList = 7AC705981E9B956E00A82CDA /* Build configuration list for PBXProject "SingletonSimple" */;
			compatibilityVersion = "Xcode 3.2";
			developmentRegion = English;
			hasScannedForEncodings = 0;
			knownRegions = (
				en,
			);
			mainGroup = 7AC705941E9B956E00A82CDA;
			productRefGroup = 7AC7059E1E9B956E00A82CDA /* Products */;
			projectDirPath = "";
			projectRoot = "";
			targets = (
				7AC7059C1E9B956E00A82CDA /* SingletonSimple */,
			);
		};
/* End PBXProject section */

/* Begin PBXSourcesBuildPhase section */
		7AC705991E9B956E00A82CDA /* Sources */ = {
			isa = PBXSourcesBuildPhase;
			buildActionMask = 2147483647;
			files = (
				7AC705A81E9B959800A82CDA /* BackupServer.swift in Sources */,
				7AC705AA1E9B97FC00A82CDA /* Logger.swift in Sources */,
				7AC705A11E9B956E00A82CDA /* main.swift in Sources */,
			);
			runOnlyForDeploymentPostprocessing = 0;
		};
/* End PBXSourcesBuildPhase section */

/* Begin XCBuildConfiguration section */
		7AC705A21E9B956E00A82CDA /* Debug */ = {
			isa = XCBuildConfiguration;
			buildSettings = {
				ALWAYS_SEARCH_USER_PATHS = NO;
				CLANG_ANALYZER_NONNULL = YES;
				CLANG_ANALYZER_NUMBER_OBJECT_CONVERSION = YES_AGGRESSIVE;
				CLANG_CXX_LANGUAGE_STANDARD = "gnu++0x";
				CLANG_CXX_LIBRARY = "libc++";
				CLANG_ENABLE_MODULES = YES;
				CLANG_ENABLE_OBJC_ARC = YES;
				CLANG_WARN_BOOL_CONVERSION = YES;
				CLANG_WARN_CONSTANT_CONVERSION = YES;
				CLANG_WARN_DIRECT_OBJC_ISA_USAGE = YES_ERROR;
				CLANG_WARN_DOCUMENTATION_COMMENTS = YES;
				CLANG_WARN_EMPTY_BODY = YES;
				CLANG_WARN_ENUM_CONVERSION = YES;
				CLANG_WARN_INFINITE_RECURSION = YES;
				CLANG_WARN_INT_CONVERSION = YES;
				CLANG_WARN_OBJC_ROOT_CLASS = YES_ERROR;
				CLANG_WARN_SUSPICIOUS_MOVE = YES;
				CLANG_WARN_UNREACHABLE_CODE = YES;
				CLANG_WARN__DUPLICATE_METHOD_MATCH = YES;
				CODE_SIGN_IDENTITY = "-";
				COPY_PHASE_STRIP = NO;
				DEBUG_INFORMATION_FORMAT = dwarf;
				ENABLE_STRICT_OBJC_MSGSEND = YES;
				ENABLE_TESTABILITY = YES;
				GCC_C_LANGUAGE_STANDARD = gnu99;
				GCC_DYNAMIC_NO_PIC = NO;
				GCC_NO_COMMON_BLOCKS = YES;
				GCC_OPTIMIZATION_LEVEL = 0;
				GCC_PREPROCESSOR_DEFINITIONS = (
					"DEBUG=1",
					"$(inherited)",
				);
				GCC_WARN_64_TO_32_BIT_CONVERSION = YES;
				GCC_WARN_ABOUT_RETURN_TYPE = YES_ERROR;
				GCC_WARN_UNDECLARED_SELECTOR = YES;
				GCC_WARN_UNINITIALIZED_AUTOS = YES_AGGRESSIVE;
				GCC_WARN_UNUSED_FUNCTION = YES;
				GCC_WARN_UNUSED_VARIABLE = YES;
				MACOSX_DEPLOYMENT_TARGET = 10.12;
				MTL_ENABLE_DEBUG_INFO = YES;
				ONLY_ACTIVE_ARCH = YES;
				SDKROOT = macosx;
				SWIFT_OPTIMIZATION_LEVEL = "-Onone";
			};
			name = Debug;
		};
		7AC705A31E9B956E00A82CDA /* Release */ = {
			isa = XCBuildConfiguration;
			buildSettings = {
				ALWAYS_SEARCH_USER_PATHS = NO;
				CLANG_ANALYZER_NONNULL = YES;
				CLANG_ANALYZER_NUMBER_OBJECT_CONVERSION = YES_AGGRESSIVE;
				CLANG_CXX_LANGUAGE_STANDARD = "gnu++0x";
				CLANG_CXX_LIBRARY = "libc++";
				CLANG_ENABLE_MODULES = YES;
				CLANG_ENABLE_OBJC_ARC = YES;
				CLANG_WARN_BOOL_CONVERSION = YES;
				CLANG_WARN_CONSTANT_CONVERSION = YES;
				CLANG_WARN_DIRECT_OBJC_ISA_USAGE = YES_ERROR;
				CLANG_WARN_DOCUMENTATION_COMMENTS = YES;
				CLANG_WARN_EMPTY_BODY = YES;
				CLANG_WARN_ENUM_CONVERSION = YES;
				CLANG_WARN_INFINITE_RECURSION = YES;
				CLANG_WARN_INT_CONVERSION = YES;
				CLANG_WARN_OBJC_ROOT_CLASS = YES_ERROR;
				CLANG_WARN_SUSPICIOUS_MOVE = YES;
				CLANG_WARN_UNREACHABLE_CODE = YES;
				CLANG_WARN__DUPLICATE_METHOD_MATCH = YES;
				CODE_SIGN_IDENTITY = "-";
				COPY_PHASE_STRIP = NO;
				DEBUG_INFORMATION_FORMAT = "dwarf-with-dsym";
				ENABLE_NS_ASSERTIONS = NO;
				ENABLE_STRICT_OBJC_MSGSEND = YES;
				GCC_C_LANGUAGE_STANDARD = gnu99;
				GCC_NO_COMMON_BLOCKS = YES;
				GCC_WARN_64_TO_32_BIT_CONVERSION = YES;
				GCC_WARN_ABOUT_RETURN_TYPE = YES_ERROR;
				GCC_WARN_UNDECLARED_SELECTOR = YES;
				GCC_WARN_UNINITIALIZED_AUTOS = YES_AGGRESSIVE;
				GCC_WARN_UNUSED_FUNCTION = YES;
				GCC_WARN_UNUSED_VARIABLE = YES;
				MACOSX_DEPLOYMENT_TARGET = 10.12;
				MTL_ENABLE_DEBUG_INFO = NO;
				SDKROOT = macosx;
			};
			name = Release;
		};
		7AC705A51E9B956E00A82CDA /* Debug */ = {
			isa = XCBuildConfiguration;
			buildSettings = {
				DEVELOPMENT_TEAM = B2478855L6;
				PRODUCT_NAME = "$(TARGET_NAME)";
				SWIFT_VERSION = 3.0;
			};
			name = Debug;
		};
		7AC705A61E9B956E00A82CDA /* Release */ = {
			isa = XCBuildConfiguration;
			buildSettings = {
				DEVELOPMENT_TEAM = B2478855L6;
				PRODUCT_NAME = "$(TARGET_NAME)";
				SWIFT_VERSION = 3.0;
			};
			name = Release;
		};
/* End XCBuildConfiguration section */

/* Begin XCConfigurationList section */
		7AC705981E9B956E00A82CDA /* Build configuration list for PBXProject "SingletonSimple" */ = {
			isa = XCConfigurationList;
			buildConfigurations = (
				7AC705A21E9B956E00A82CDA /* Debug */,
				7AC705A31E9B956E00A82CDA /* Release */,
			);
			defaultConfigurationIsVisible = 0;
			defaultConfigurationName = Release;
		};
		7AC705A41E9B956E00A82CDA /* Build configuration list for PBXNativeTarget "SingletonSimple" */ = {
			isa = XCConfigurationList;
			buildConfigurations = (
				7AC705A51E9B956E00A82CDA /* Debug */,
				7AC705A61E9B956E00A82CDA /* Release */,
			);
			defaultConfigurationIsVisible = 0;
		};
/* End XCConfigurationList section */
	};
	rootObject = 7AC705951E9B956E00A82CDA /* Project object */;
}
