// !$*UTF8*$!
{
	archiveVersion = 1;
	classes = {
	};
	objectVersion = 46;
	objects = {

/* Begin PBXBuildFile section */
		7A53EBF71E80FA0B00383D08 /* AppDelegate.swift in Sources */ = {isa = PBXBuildFile; fileRef = 7A53EBF61E80FA0B00383D08 /* AppDelegate.swift */; };
		7A53EBF91E80FA0B00383D08 /* ViewController.swift in Sources */ = {isa = PBXBuildFile; fileRef = 7A53EBF81E80FA0B00383D08 /* ViewController.swift */; };
		7A53EBFC1E80FA0B00383D08 /* Main.storyboard in Resources */ = {isa = PBXBuildFile; fileRef = 7A53EBFA1E80FA0B00383D08 /* Main.storyboard */; };
		7A53EBFE1E80FA0B00383D08 /* Assets.xcassets in Resources */ = {isa = PBXBuildFile; fileRef = 7A53EBFD1E80FA0B00383D08 /* Assets.xcassets */; };
		7A53EC011E80FA0B00383D08 /* LaunchScreen.storyboard in Resources */ = {isa = PBXBuildFile; fileRef = 7A53EBFF1E80FA0B00383D08 /* LaunchScreen.storyboard */; };
		7A873C3D1EC2B4DD00793ABC /* StockValueImplementations.swift in Sources */ = {isa = PBXBuildFile; fileRef = 7A873C3C1EC2B4DD00793ABC /* StockValueImplementations.swift */; };
		7A873C3F1EC2B7EF00793ABC /* StockValueFactories.swift in Sources */ = {isa = PBXBuildFile; fileRef = 7A873C3E1EC2B7EF00793ABC /* StockValueFactories.swift */; };
		7A8930E61E8B9C8100917002 /* Product.swift in Sources */ = {isa = PBXBuildFile; fileRef = 7A8930E51E8B9C8100917002 /* Product.swift */; };
		7A8930E81E8BAD8300917002 /* Utils.swift in Sources */ = {isa = PBXBuildFile; fileRef = 7A8930E71E8BAD8300917002 /* Utils.swift */; };
		7A8930EA1E8BC0A600917002 /* Logger.swift in Sources */ = {isa = PBXBuildFile; fileRef = 7A8930E91E8BC0A600917002 /* Logger.swift */; };
		7AC705EF1E9E063400A82CDA /* NetworkConnection.swift in Sources */ = {isa = PBXBuildFile; fileRef = 7AC705EE1E9E063400A82CDA /* NetworkConnection.swift */; };
		7AC705F11E9E09C200A82CDA /* NetworkPool.swift in Sources */ = {isa = PBXBuildFile; fileRef = 7AC705F01E9E09C200A82CDA /* NetworkPool.swift */; };
		7AC705F31E9E0EB400A82CDA /* ProductDataStore.swift in Sources */ = {isa = PBXBuildFile; fileRef = 7AC705F21E9E0EB400A82CDA /* ProductDataStore.swift */; };
/* End PBXBuildFile section */

/* Begin PBXFileReference section */
		7A53EBF31E80FA0B00383D08 /* SportStore.app */ = {isa = PBXFileReference; explicitFileType = wrapper.application; includeInIndex = 0; path = SportStore.app; sourceTree = BUILT_PRODUCTS_DIR; };
		7A53EBF61E80FA0B00383D08 /* AppDelegate.swift */ = {isa = PBXFileReference; lastKnownFileType = sourcecode.swift; path = AppDelegate.swift; sourceTree = "<group>"; };
		7A53EBF81E80FA0B00383D08 /* ViewController.swift */ = {isa = PBXFileReference; lastKnownFileType = sourcecode.swift; path = ViewController.swift; sourceTree = "<group>"; };
		7A53EBFB1E80FA0B00383D08 /* Base */ = {isa = PBXFileReference; lastKnownFileType = file.storyboard; name = Base; path = Base.lproj/Main.storyboard; sourceTree = "<group>"; };
		7A53EBFD1E80FA0B00383D08 /* Assets.xcassets */ = {isa = PBXFileReference; lastKnownFileType = folder.assetcatalog; path = Assets.xcassets; sourceTree = "<group>"; };
		7A53EC001E80FA0B00383D08 /* Base */ = {isa = PBXFileReference; lastKnownFileType = file.storyboard; name = Base; path = Base.lproj/LaunchScreen.storyboard; sourceTree = "<group>"; };
		7A53EC021E80FA0B00383D08 /* Info.plist */ = {isa = PBXFileReference; lastKnownFileType = text.plist.xml; path = Info.plist; sourceTree = "<group>"; };
		7A873C3C1EC2B4DD00793ABC /* StockValueImplementations.swift */ = {isa = PBXFileReference; fileEncoding = 4; lastKnownFileType = sourcecode.swift; path = StockValueImplementations.swift; sourceTree = "<group>"; };
		7A873C3E1EC2B7EF00793ABC /* StockValueFactories.swift */ = {isa = PBXFileReference; fileEncoding = 4; lastKnownFileType = sourcecode.swift; path = StockValueFactories.swift; sourceTree = "<group>"; };
		7A8930E51E8B9C8100917002 /* Product.swift */ = {isa = PBXFileReference; fileEncoding = 4; lastKnownFileType = sourcecode.swift; path = Product.swift; sourceTree = "<group>"; };
		7A8930E71E8BAD8300917002 /* Utils.swift */ = {isa = PBXFileReference; fileEncoding = 4; lastKnownFileType = sourcecode.swift; path = Utils.swift; sourceTree = "<group>"; };
		7A8930E91E8BC0A600917002 /* Logger.swift */ = {isa = PBXFileReference; fileEncoding = 4; lastKnownFileType = sourcecode.swift; path = Logger.swift; sourceTree = "<group>"; };
		7AC705EE1E9E063400A82CDA /* NetworkConnection.swift */ = {isa = PBXFileReference; fileEncoding = 4; lastKnownFileType = sourcecode.swift; path = NetworkConnection.swift; sourceTree = "<group>"; };
		7AC705F01E9E09C200A82CDA /* NetworkPool.swift */ = {isa = PBXFileReference; fileEncoding = 4; lastKnownFileType = sourcecode.swift; path = NetworkPool.swift; sourceTree = "<group>"; };
		7AC705F21E9E0EB400A82CDA /* ProductDataStore.swift */ = {isa = PBXFileReference; fileEncoding = 4; lastKnownFileType = sourcecode.swift; path = ProductDataStore.swift; sourceTree = "<group>"; };
/* End PBXFileReference section */

/* Begin PBXFrameworksBuildPhase section */
		7A53EBF01E80FA0B00383D08 /* Frameworks */ = {
			isa = PBXFrameworksBuildPhase;
			buildActionMask = 2147483647;
			files = (
			);
			runOnlyForDeploymentPostprocessing = 0;
		};
/* End PBXFrameworksBuildPhase section */

/* Begin PBXGroup section */
		7A53EBEA1E80FA0B00383D08 = {
			isa = PBXGroup;
			children = (
				7A53EBF51E80FA0B00383D08 /* SportStore */,
				7A53EBF41E80FA0B00383D08 /* Products */,
			);
			sourceTree = "<group>";
		};
		7A53EBF41E80FA0B00383D08 /* Products */ = {
			isa = PBXGroup;
			children = (
				7A53EBF31E80FA0B00383D08 /* SportStore.app */,
			);
			name = Products;
			sourceTree = "<group>";
		};
		7A53EBF51E80FA0B00383D08 /* SportStore */ = {
			isa = PBXGroup;
			children = (
				7A53EBF61E80FA0B00383D08 /* AppDelegate.swift */,
				7A53EBF81E80FA0B00383D08 /* ViewController.swift */,
				7AC705EE1E9E063400A82CDA /* NetworkConnection.swift */,
				7AC705F21E9E0EB400A82CDA /* ProductDataStore.swift */,
				7AC705F01E9E09C200A82CDA /* NetworkPool.swift */,
				7A8930E51E8B9C8100917002 /* Product.swift */,
				7A8930E91E8BC0A600917002 /* Logger.swift */,
				7A8930E71E8BAD8300917002 /* Utils.swift */,
				7A873C3C1EC2B4DD00793ABC /* StockValueImplementations.swift */,
				7A873C3E1EC2B7EF00793ABC /* StockValueFactories.swift */,
				7A53EBFA1E80FA0B00383D08 /* Main.storyboard */,
				7A53EBFD1E80FA0B00383D08 /* Assets.xcassets */,
				7A53EBFF1E80FA0B00383D08 /* LaunchScreen.storyboard */,
				7A53EC021E80FA0B00383D08 /* Info.plist */,
			);
			path = SportStore;
			sourceTree = "<group>";
		};
/* End PBXGroup section */

/* Begin PBXNativeTarget section */
		7A53EBF21E80FA0B00383D08 /* SportStore */ = {
			isa = PBXNativeTarget;
			buildConfigurationList = 7A53EC051E80FA0B00383D08 /* Build configuration list for PBXNativeTarget "SportStore" */;
			buildPhases = (
				7A53EBEF1E80FA0B00383D08 /* Sources */,
				7A53EBF01E80FA0B00383D08 /* Frameworks */,
				7A53EBF11E80FA0B00383D08 /* Resources */,
			);
			buildRules = (
			);
			dependencies = (
			);
			name = SportStore;
			productName = SportStore;
			productReference = 7A53EBF31E80FA0B00383D08 /* SportStore.app */;
			productType = "com.apple.product-type.application";
		};
/* End PBXNativeTarget section */

/* Begin PBXProject section */
		7A53EBEB1E80FA0B00383D08 /* Project object */ = {
			isa = PBXProject;
			attributes = {
				LastSwiftUpdateCheck = 0820;
				LastUpgradeCheck = 0820;
				ORGANIZATIONNAME = "Yang Shaoli";
				TargetAttributes = {
					7A53EBF21E80FA0B00383D08 = {
						CreatedOnToolsVersion = 8.2.1;
						DevelopmentTeam = B2478855L6;
						ProvisioningStyle = Automatic;
					};
				};
			};
			buildConfigurationList = 7A53EBEE1E80FA0B00383D08 /* Build configuration list for PBXProject "SportStore" */;
			compatibilityVersion = "Xcode 3.2";
			developmentRegion = English;
			hasScannedForEncodings = 0;
			knownRegions = (
				en,
				Base,
			);
			mainGroup = 7A53EBEA1E80FA0B00383D08;
			productRefGroup = 7A53EBF41E80FA0B00383D08 /* Products */;
			projectDirPath = "";
			projectRoot = "";
			targets = (
				7A53EBF21E80FA0B00383D08 /* SportStore */,
			);
		};
/* End PBXProject section */

/* Begin PBXResourcesBuildPhase section */
		7A53EBF11E80FA0B00383D08 /* Resources */ = {
			isa = PBXResourcesBuildPhase;
			buildActionMask = 2147483647;
			files = (
				7A53EC011E80FA0B00383D08 /* LaunchScreen.storyboard in Resources */,
				7A53EBFE1E80FA0B00383D08 /* Assets.xcassets in Resources */,
				7A53EBFC1E80FA0B00383D08 /* Main.storyboard in Resources */,
			);
			runOnlyForDeploymentPostprocessing = 0;
		};
/* End PBXResourcesBuildPhase section */

/* Begin PBXSourcesBuildPhase section */
		7A53EBEF1E80FA0B00383D08 /* Sources */ = {
			isa = PBXSourcesBuildPhase;
			buildActionMask = 2147483647;
			files = (
				7A8930EA1E8BC0A600917002 /* Logger.swift in Sources */,
				7A873C3F1EC2B7EF00793ABC /* StockValueFactories.swift in Sources */,
				7A53EBF91E80FA0B00383D08 /* ViewController.swift in Sources */,
				7AC705EF1E9E063400A82CDA /* NetworkConnection.swift in Sources */,
				7A53EBF71E80FA0B00383D08 /* AppDelegate.swift in Sources */,
				7A8930E61E8B9C8100917002 /* Product.swift in Sources */,
				7A8930E81E8BAD8300917002 /* Utils.swift in Sources */,
				7AC705F31E9E0EB400A82CDA /* ProductDataStore.swift in Sources */,
				7A873C3D1EC2B4DD00793ABC /* StockValueImplementations.swift in Sources */,
				7AC705F11E9E09C200A82CDA /* NetworkPool.swift in Sources */,
			);
			runOnlyForDeploymentPostprocessing = 0;
		};
/* End PBXSourcesBuildPhase section */

/* Begin PBXVariantGroup section */
		7A53EBFA1E80FA0B00383D08 /* Main.storyboard */ = {
			isa = PBXVariantGroup;
			children = (
				7A53EBFB1E80FA0B00383D08 /* Base */,
			);
			name = Main.storyboard;
			sourceTree = "<group>";
		};
		7A53EBFF1E80FA0B00383D08 /* LaunchScreen.storyboard */ = {
			isa = PBXVariantGroup;
			children = (
				7A53EC001E80FA0B00383D08 /* Base */,
			);
			name = LaunchScreen.storyboard;
			sourceTree = "<group>";
		};
/* End PBXVariantGroup section */

/* Begin XCBuildConfiguration section */
		7A53EC031E80FA0B00383D08 /* Debug */ = {
			isa = XCBuildConfiguration;
			buildSettings = {
				ALWAYS_SEARCH_USER_PATHS = NO;
				CLANG_ANALYZER_NONNULL = YES;
				CLANG_CXX_LANGUAGE_STANDARD = "gnu++0x";
				CLANG_CXX_LIBRARY = "libc++";
				CLANG_ENABLE_MODULES = YES;
				CLANG_ENABLE_OBJC_ARC = YES;
				CLANG_WARN_BOOL_CONVERSION = YES;
				CLANG_WARN_CONSTANT_CONVERSION = YES;
				CLANG_WARN_DIRECT_OBJC_ISA_USAGE = YES_ERROR;
				CLANG_WARN_DOCUMENTATION_COMMENTS = YES;
				CLANG_WARN_EMPTY_BODY = YES;
				CLANG_WARN_ENUM_CONVERSION = YES;
				CLANG_WARN_INFINITE_RECURSION = YES;
				CLANG_WARN_INT_CONVERSION = YES;
				CLANG_WARN_OBJC_ROOT_CLASS = YES_ERROR;
				CLANG_WARN_SUSPICIOUS_MOVE = YES;
				CLANG_WARN_UNREACHABLE_CODE = YES;
				CLANG_WARN__DUPLICATE_METHOD_MATCH = YES;
				"CODE_SIGN_IDENTITY[sdk=iphoneos*]" = "iPhone Developer";
				COPY_PHASE_STRIP = NO;
				DEBUG_INFORMATION_FORMAT = dwarf;
				ENABLE_STRICT_OBJC_MSGSEND = YES;
				ENABLE_TESTABILITY = YES;
				GCC_C_LANGUAGE_STANDARD = gnu99;
				GCC_DYNAMIC_NO_PIC = NO;
				GCC_NO_COMMON_BLOCKS = YES;
				GCC_OPTIMIZATION_LEVEL = 0;
				GCC_PREPROCESSOR_DEFINITIONS = (
					"DEBUG=1",
					"$(inherited)",
				);
				GCC_WARN_64_TO_32_BIT_CONVERSION = YES;
				GCC_WARN_ABOUT_RETURN_TYPE = YES_ERROR;
				GCC_WARN_UNDECLARED_SELECTOR = YES;
				GCC_WARN_UNINITIALIZED_AUTOS = YES_AGGRESSIVE;
				GCC_WARN_UNUSED_FUNCTION = YES;
				GCC_WARN_UNUSED_VARIABLE = YES;
				IPHONEOS_DEPLOYMENT_TARGET = 10.2;
				MTL_ENABLE_DEBUG_INFO = YES;
				ONLY_ACTIVE_ARCH = YES;
				SDKROOT = iphoneos;
				SWIFT_ACTIVE_COMPILATION_CONDITIONS = DEBUG;
				SWIFT_OPTIMIZATION_LEVEL = "-Onone";
				TARGETED_DEVICE_FAMILY = 2;
			};
			name = Debug;
		};
		7A53EC041E80FA0B00383D08 /* Release */ = {
			isa = XCBuildConfiguration;
			buildSettings = {
				ALWAYS_SEARCH_USER_PATHS = NO;
				CLANG_ANALYZER_NONNULL = YES;
				CLANG_CXX_LANGUAGE_STANDARD = "gnu++0x";
				CLANG_CXX_LIBRARY = "libc++";
				CLANG_ENABLE_MODULES = YES;
				CLANG_ENABLE_OBJC_ARC = YES;
				CLANG_WARN_BOOL_CONVERSION = YES;
				CLANG_WARN_CONSTANT_CONVERSION = YES;
				CLANG_WARN_DIRECT_OBJC_ISA_USAGE = YES_ERROR;
				CLANG_WARN_DOCUMENTATION_COMMENTS = YES;
				CLANG_WARN_EMPTY_BODY = YES;
				CLANG_WARN_ENUM_CONVERSION = YES;
				CLANG_WARN_INFINITE_RECURSION = YES;
				CLANG_WARN_INT_CONVERSION = YES;
				CLANG_WARN_OBJC_ROOT_CLASS = YES_ERROR;
				CLANG_WARN_SUSPICIOUS_MOVE = YES;
				CLANG_WARN_UNREACHABLE_CODE = YES;
				CLANG_WARN__DUPLICATE_METHOD_MATCH = YES;
				"CODE_SIGN_IDENTITY[sdk=iphoneos*]" = "iPhone Developer";
				COPY_PHASE_STRIP = NO;
				DEBUG_INFORMATION_FORMAT = "dwarf-with-dsym";
				ENABLE_NS_ASSERTIONS = NO;
				ENABLE_STRICT_OBJC_MSGSEND = YES;
				GCC_C_LANGUAGE_STANDARD = gnu99;
				GCC_NO_COMMON_BLOCKS = YES;
				GCC_WARN_64_TO_32_BIT_CONVERSION = YES;
				GCC_WARN_ABOUT_RETURN_TYPE = YES_ERROR;
				GCC_WARN_UNDECLARED_SELECTOR = YES;
				GCC_WARN_UNINITIALIZED_AUTOS = YES_AGGRESSIVE;
				GCC_WARN_UNUSED_FUNCTION = YES;
				GCC_WARN_UNUSED_VARIABLE = YES;
				IPHONEOS_DEPLOYMENT_TARGET = 10.2;
				MTL_ENABLE_DEBUG_INFO = NO;
				SDKROOT = iphoneos;
				SWIFT_OPTIMIZATION_LEVEL = "-Owholemodule";
				TARGETED_DEVICE_FAMILY = 2;
				VALIDATE_PRODUCT = YES;
			};
			name = Release;
		};
		7A53EC061E80FA0B00383D08 /* Debug */ = {
			isa = XCBuildConfiguration;
			buildSettings = {
				ASSETCATALOG_COMPILER_APPICON_NAME = AppIcon;
				DEVELOPMENT_TEAM = B2478855L6;
				INFOPLIST_FILE = SportStore/Info.plist;
				LD_RUNPATH_SEARCH_PATHS = "$(inherited) @executable_path/Frameworks";
				PRODUCT_BUNDLE_IDENTIFIER = com.aragoncs.SportStore;
				PRODUCT_NAME = "$(TARGET_NAME)";
				SWIFT_VERSION = 3.0;
			};
			name = Debug;
		};
		7A53EC071E80FA0B00383D08 /* Release */ = {
			isa = XCBuildConfiguration;
			buildSettings = {
				ASSETCATALOG_COMPILER_APPICON_NAME = AppIcon;
				DEVELOPMENT_TEAM = B2478855L6;
				INFOPLIST_FILE = SportStore/Info.plist;
				LD_RUNPATH_SEARCH_PATHS = "$(inherited) @executable_path/Frameworks";
				PRODUCT_BUNDLE_IDENTIFIER = com.aragoncs.SportStore;
				PRODUCT_NAME = "$(TARGET_NAME)";
				SWIFT_VERSION = 3.0;
			};
			name = Release;
		};
/* End XCBuildConfiguration section */

/* Begin XCConfigurationList section */
		7A53EBEE1E80FA0B00383D08 /* Build configuration list for PBXProject "SportStore" */ = {
			isa = XCConfigurationList;
			buildConfigurations = (
				7A53EC031E80FA0B00383D08 /* Debug */,
				7A53EC041E80FA0B00383D08 /* Release */,
			);
			defaultConfigurationIsVisible = 0;
			defaultConfigurationName = Release;
		};
		7A53EC051E80FA0B00383D08 /* Build configuration list for PBXNativeTarget "SportStore" */ = {
			isa = XCConfigurationList;
			buildConfigurations = (
				7A53EC061E80FA0B00383D08 /* Debug */,
				7A53EC071E80FA0B00383D08 /* Release */,
			);
			defaultConfigurationIsVisible = 0;
			defaultConfigurationName = Release;
		};
/* End XCConfigurationList section */
	};
	rootObject = 7A53EBEB1E80FA0B00383D08 /* Project object */;
}
